{
    "_readme": [
        "This file locks the dependencies of your project to a known state",
        "Read more about it at https://getcomposer.org/doc/01-basic-usage.md#composer-lock-the-lock-file",
        "This file is @generated automatically"
    ],
    "hash": "88bab47450cd79652f97dabfdf2d476b",
    "packages": [
        {
            "name": "nikic/php-parser",
            "version": "1.x-dev",
            "source": {
                "type": "git",
                "url": "https://github.com/nikic/PHP-Parser.git",
                "reference": "5ede167835fba5fe9624967654ad6eda48e3d14f"
            },
            "dist": {
                "type": "zip",
                "url": "https://api.github.com/repos/nikic/PHP-Parser/zipball/5ede167835fba5fe9624967654ad6eda48e3d14f",
                "reference": "5ede167835fba5fe9624967654ad6eda48e3d14f",
                "shasum": ""
            },
            "require": {
                "ext-tokenizer": "*",
                "php": ">=5.3"
            },
            "type": "library",
            "extra": {
                "branch-alias": {
                    "dev-master": "1.3-dev"
                }
            },
            "autoload": {
                "files": [
                    "lib/bootstrap.php"
                ]
            },
            "notification-url": "https://packagist.org/downloads/",
            "license": [
                "BSD-3-Clause"
            ],
            "authors": [
                {
                    "name": "Nikita Popov"
                }
            ],
            "description": "A PHP parser written in PHP",
            "keywords": [
                "parser",
                "php"
            ],
            "time": "2015-07-12 20:11:43"
        },
        {
            "name": "rtens/domin",
            "version": "dev-master",
            "source": {
                "type": "git",
                "url": "https://github.com/rtens/domin.git",
                "reference": "0da7786803fdb7f26fb49f93abab99b8e28a2a71"
            },
            "dist": {
                "type": "zip",
                "url": "https://api.github.com/repos/rtens/domin/zipball/0da7786803fdb7f26fb49f93abab99b8e28a2a71",
                "reference": "0da7786803fdb7f26fb49f93abab99b8e28a2a71",
                "shasum": ""
            },
            "require": {
                "watoki/curir": "dev-master",
                "watoki/reflect": "^0.3.0"
            },
            "require-dev": {
                "rtens/mockster": "dev-master",
                "rtens/scrut": "^1.0"
            },
            "type": "library",
            "autoload": {
                "psr-4": {
                    "rtens\\domin\\": "src/"
                }
            },
            "notification-url": "https://packagist.org/downloads/",
            "license": [
                "MIT"
            ],
            "authors": [
                {
                    "name": "Nikolas Martens",
                    "email": "Nikolas.M@rtens.org",
                    "homepage": "http://rtens.org"
                }
            ],
            "description": "General purpose DDD-friendly administration interface",
            "homepage": "http://github.com/rtens/domin",
            "keywords": [
                "admin",
                "administration",
                "cms",
                "ddd",
                "domain model"
            ],
            "time": "2015-07-14 13:02:53"
        },
        {
            "name": "watoki/collections",
            "version": "v1.0",
            "source": {
                "type": "git",
                "url": "https://github.com/watoki/collections.git",
                "reference": "967643e9943e69e0efa561cb036517b223942441"
            },
            "dist": {
                "type": "zip",
                "url": "https://api.github.com/repos/watoki/collections/zipball/967643e9943e69e0efa561cb036517b223942441",
                "reference": "967643e9943e69e0efa561cb036517b223942441",
                "shasum": ""
            },
            "require": {
                "php": ">=5.3.2",
                "watoki/smokey": "*"
            },
            "type": "library",
            "autoload": {
                "psr-0": {
                    "spec\\watoki\\collections": "",
                    "watoki\\collections": "src/"
                }
            },
            "notification-url": "https://packagist.org/downloads/",
            "license": [
                "MIT"
            ],
            "authors": [
                {
                    "name": "Nikolas Martens",
                    "email": "Nikolas.M@rtens.org",
                    "homepage": "http://rtens.org"
                }
            ],
            "description": "Array wrapper for more structured collections for PHP",
            "homepage": "http://github.com/watoki/collections",
            "keywords": [
                "collection",
                "data structure",
                "watoki"
            ],
            "time": "2014-11-05 07:11:22"
        },
        {
            "name": "watoki/curir",
            "version": "dev-master",
            "source": {
                "type": "git",
                "url": "https://github.com/watoki/curir.git",
                "reference": "73b834a2933a6a8ffe919f63d3696299f1b77caa"
            },
            "dist": {
                "type": "zip",
                "url": "https://api.github.com/repos/watoki/curir/zipball/73b834a2933a6a8ffe919f63d3696299f1b77caa",
                "reference": "73b834a2933a6a8ffe919f63d3696299f1b77caa",
                "shasum": ""
            },
            "require": {
                "php": ">=5.4",
                "watoki/collections": "1.0",
                "watoki/deli": "dev-master",
                "watoki/factory": "0.5",
                "watoki/stores": "0.3"
            },
            "require-dev": {
                "watoki/scrut": "0.3"
            },
            "type": "library",
            "autoload": {
                "psr-0": {
                    "watoki\\curir": "src/",
                    "spec\\watoki\\curir": ""
                }
            },
            "notification-url": "https://packagist.org/downloads/",
            "license": [
                "MIT"
            ],
            "authors": [
                {
                    "name": "Nikolas Martens",
                    "email": "Nikolas.M@rtens.org",
                    "homepage": "http://rtens.org"
                }
            ],
            "description": "Web delivery system for PHP applications",
            "homepage": "http://github.com/watoki/curir",
            "keywords": [
                "mvc",
                "router",
                "routing",
                "watoki"
            ],
            "time": "2015-07-14 08:25:13"
        },
        {
            "name": "watoki/deli",
            "version": "dev-master",
            "source": {
                "type": "git",
                "url": "https://github.com/watoki/deli.git",
                "reference": "41d7450726d47e9c3f250681cf48a6f861cb9331"
            },
            "dist": {
                "type": "zip",
                "url": "https://api.github.com/repos/watoki/deli/zipball/41d7450726d47e9c3f250681cf48a6f861cb9331",
                "reference": "41d7450726d47e9c3f250681cf48a6f861cb9331",
                "shasum": ""
            },
            "require": {
                "php": ">=5.4",
                "watoki/collections": "1.0",
                "watoki/factory": "0.5",
                "watoki/reflect": "0.3",
                "watoki/stores": "0.3"
            },
            "require-dev": {
                "watoki/scrut": "0.3"
            },
            "type": "library",
            "autoload": {
                "psr-0": {
                    "watoki\\deli": "src/",
                    "spec\\watoki\\deli": ""
                }
            },
            "notification-url": "https://packagist.org/downloads/",
            "license": [
                "MIT"
            ],
            "authors": [
                {
                    "name": "Nikolas Martens",
                    "email": "Nikolas.M@rtens.org",
                    "homepage": "http://rtens.org"
                }
            ],
            "description": "Abstract delivery system for PHP applications",
            "homepage": "http://github.com/watoki/deli",
            "keywords": [
                "delivery",
                "router",
                "routing",
                "watoki"
            ],
            "time": "2015-07-14 08:29:58"
        },
        {
            "name": "watoki/factory",
            "version": "0.5",
            "source": {
                "type": "git",
                "url": "https://github.com/watoki/factory.git",
                "reference": "2ce688dc73b2c15db9f89d7fad5cb7a60c85c2f3"
            },
            "dist": {
                "type": "zip",
                "url": "https://api.github.com/repos/watoki/factory/zipball/2ce688dc73b2c15db9f89d7fad5cb7a60c85c2f3",
                "reference": "2ce688dc73b2c15db9f89d7fad5cb7a60c85c2f3",
                "shasum": ""
            },
            "require": {
                "php": ">=5.3.8",
                "watoki/reflect": "0.3"
            },
            "require-dev": {
                "watoki/scrut": "0.3"
            },
            "type": "library",
            "autoload": {
                "psr-0": {
                    "watoki\\factory": "src/",
                    "spec\\watoki\\factory": ""
                }
            },
            "notification-url": "https://packagist.org/downloads/",
            "license": [
                "MIT"
            ],
            "authors": [
                {
                    "name": "Nikolas Martens",
                    "email": "Nikolas.M@rtens.org",
                    "homepage": "http://rtens.org"
                }
            ],
            "description": "A simple dependency injection container for PHP",
            "homepage": "http://github.com/watoki/factory",
            "keywords": [
                "dependency injection",
                "watoki"
            ],
            "time": "2015-06-18 18:29:17"
        },
        {
            "name": "watoki/reflect",
            "version": "0.3",
            "source": {
                "type": "git",
                "url": "https://github.com/watoki/reflect.git",
                "reference": "e25d114b4e1799bef7cc1ed7342cfabb4f38119a"
            },
            "dist": {
                "type": "zip",
                "url": "https://api.github.com/repos/watoki/reflect/zipball/e25d114b4e1799bef7cc1ed7342cfabb4f38119a",
                "reference": "e25d114b4e1799bef7cc1ed7342cfabb4f38119a",
                "shasum": ""
            },
            "require": {
                "nikic/php-parser": "1.*",
                "php": ">=5.3.8",
                "watoki/collections": "*"
            },
            "require-dev": {
                "watoki/scrut": "*"
            },
            "type": "library",
            "autoload": {
                "psr-0": {
                    "watoki\\reflect": "src/",
                    "spec\\watoki\\reflect": ""
                }
            },
            "notification-url": "https://packagist.org/downloads/",
            "license": [
                "MIT"
            ],
            "authors": [
                {
                    "name": "Nikolas Martens",
                    "email": "Nikolas.M@rtens.org",
                    "homepage": "http://rtens.org"
                }
            ],
            "description": "Enhanced reflection capabilities for PHP",
            "homepage": "http://github.com/watoki/reflect",
            "keywords": [
                "reflection",
                "type hints",
                "watoki"
            ],
            "time": "2015-06-10 10:19:39"
        },
        {
            "name": "watoki/smokey",
            "version": "dev-master",
            "source": {
                "type": "git",
                "url": "https://github.com/watoki/smokey.git",
                "reference": "dc577b0b043b70b596fe3e4fd2d32591408be417"
            },
            "dist": {
                "type": "zip",
                "url": "https://api.github.com/repos/watoki/smokey/zipball/dc577b0b043b70b596fe3e4fd2d32591408be417",
                "reference": "dc577b0b043b70b596fe3e4fd2d32591408be417",
                "shasum": ""
            },
            "require": {
                "php": ">=5.3.2"
            },
            "type": "library",
            "autoload": {
                "psr-0": {
                    "spec\\watoki\\smokey": "",
                    "watoki\\smokey": "src/"
                }
            },
            "notification-url": "https://packagist.org/downloads/",
            "license": [
                "MIT"
            ],
            "authors": [
                {
                    "name": "Nikolas Martens",
                    "email": "Nikolas.M@rtens.org",
                    "homepage": "http://rtens.org"
                }
            ],
            "description": "Simple runtime event dispatcher for PHP",
            "homepage": "http://github.com/watoki/smokey",
            "keywords": [
                "event",
                "event dispatcher",
                "watoki"
            ],
            "time": "2014-10-28 15:29:21"
        },
        {
            "name": "watoki/stores",
            "version": "v0.3",
            "source": {
                "type": "git",
                "url": "https://github.com/watoki/stores.git",
                "reference": "ad137aec2a74825a683cb31da5b6fb43e3827e17"
            },
            "dist": {
                "type": "zip",
                "url": "https://api.github.com/repos/watoki/stores/zipball/ad137aec2a74825a683cb31da5b6fb43e3827e17",
                "reference": "ad137aec2a74825a683cb31da5b6fb43e3827e17",
                "shasum": ""
            },
            "require": {
                "php": ">=5.4",
                "watoki/collections": "1.0",
                "watoki/reflect": "0.3"
            },
            "require-dev": {
                "watoki/scrut": "0.3"
            },
            "type": "library",
            "autoload": {
                "psr-0": {
                    "watoki\\stores": "src/",
                    "spec\\watoki\\stores": ""
                }
            },
            "notification-url": "https://packagist.org/downloads/",
            "license": [
                "MIT"
            ],
            "authors": [
                {
                    "name": "Nikolas Martens",
                    "email": "Nikolas.M@rtens.org",
                    "homepage": "http://rtens.org"
                }
            ],
            "description": "PHP library for simple PDO based data storage.",
            "homepage": "http://github.com/watoki/stores",
            "keywords": [
                "database",
                "pdo",
                "repository",
                "storage",
                "watoki"
            ],
            "time": "2015-06-18 20:09:05"
        }
    ],
    "packages-dev": [],
    "aliases": [],
    "minimum-stability": "dev",
    "stability-flags": {
        "rtens/domin": 20
    },
    "prefer-stable": false,
    "prefer-lowest": false,
    "platform": [],
    "platform-dev": []
}
