{
    "_readme": [
        "This file locks the dependencies of your project to a known state",
        "Read more about it at https://getcomposer.org/doc/01-basic-usage.md#composer-lock-the-lock-file",
        "This file is @generated automatically"
    ],
    "hash": "e4b40a73418a083163c8647ba0612952",
    "packages": [
        {
            "name": "mobiledetect/mobiledetectlib",
            "version": "dev-master",
            "source": {
                "type": "git",
                "url": "https://github.com/serbanghita/Mobile-Detect.git",
                "reference": "6495567afe1486353bec82d6b2de6f98553d60a5"
            },
            "dist": {
                "type": "zip",
                "url": "https://api.github.com/repos/serbanghita/Mobile-Detect/zipball/6495567afe1486353bec82d6b2de6f98553d60a5",
                "reference": "6495567afe1486353bec82d6b2de6f98553d60a5",
                "shasum": ""
            },
            "require": {
                "php": ">=5.0.0"
            },
            "require-dev": {
                "codeclimate/php-test-reporter": "dev-master",
                "johnkary/phpunit-speedtrap": "~1.0@dev",
                "phpunit/phpunit": "*"
            },
            "type": "library",
            "autoload": {
                "classmap": [
                    "Mobile_Detect.php"
                ],
                "psr-0": {
                    "Detection": "namespaced/"
                }
            },
            "notification-url": "https://packagist.org/downloads/",
            "license": [
                "MIT"
            ],
            "authors": [
                {
                    "name": "Serban Ghita",
                    "email": "serbanghita@gmail.com",
                    "homepage": "http://mobiledetect.net",
                    "role": "Developer"
                }
            ],
            "description": "Mobile_Detect is a lightweight PHP class for detecting mobile devices. It uses the User-Agent string combined with specific HTTP headers to detect the mobile environment.",
            "homepage": "https://github.com/serbanghita/Mobile-Detect",
            "keywords": [
                "detect mobile devices",
                "mobile",
                "mobile detect",
                "mobile detector",
                "php mobile detect"
            ],
            "time": "2015-06-18 09:43:23"
        },
        {
            "name": "nikic/php-parser",
            "version": "1.x-dev",
            "source": {
                "type": "git",
                "url": "https://github.com/nikic/PHP-Parser.git",
                "reference": "196f177cfefa0f1f7166c0a05d8255889be12418"
            },
            "dist": {
                "type": "zip",
                "url": "https://api.github.com/repos/nikic/PHP-Parser/zipball/196f177cfefa0f1f7166c0a05d8255889be12418",
                "reference": "196f177cfefa0f1f7166c0a05d8255889be12418",
                "shasum": ""
            },
            "require": {
                "ext-tokenizer": "*",
                "php": ">=5.3"
            },
            "type": "library",
            "extra": {
                "branch-alias": {
                    "dev-master": "1.4-dev"
                }
            },
            "autoload": {
                "files": [
                    "lib/bootstrap.php"
                ]
            },
            "notification-url": "https://packagist.org/downloads/",
            "license": [
                "BSD-3-Clause"
            ],
            "authors": [
                {
                    "name": "Nikita Popov"
                }
            ],
            "description": "A PHP parser written in PHP",
            "keywords": [
                "parser",
                "php"
            ],
            "time": "2015-07-14 17:31:05"
        },
        {
            "name": "rtens/domin",
            "version": "dev-master",
            "source": {
                "type": "git",
                "url": "https://github.com/rtens/domin.git",
                "reference": "6bf70a66237862f91e06d65514480d3471bb18f4"
            },
            "dist": {
                "type": "zip",
                "url": "https://api.github.com/repos/rtens/domin/zipball/74c52887852120b00b6e4ab62bdb6b9fe2aaf101",
                "reference": "6bf70a66237862f91e06d65514480d3471bb18f4",
                "shasum": ""
            },
            "require": {
                "mobiledetect/mobiledetectlib": "dev-master",
                "watoki/curir": "dev-master",
                "watoki/reflect": "dev-master"
            },
            "require-dev": {
                "rtens/mockster": "dev-master",
                "rtens/scrut": "dev-master"
            },
            "type": "library",
            "autoload": {
                "psr-4": {
                    "rtens\\domin\\": "src/"
                }
            },
            "notification-url": "https://packagist.org/downloads/",
            "license": [
                "MIT"
            ],
            "authors": [
                {
                    "name": "Nikolas Martens",
                    "email": "Nikolas.M@rtens.org",
                    "homepage": "http://rtens.org"
                }
            ],
            "description": "General purpose DDD-friendly administration interface",
            "homepage": "http://github.com/rtens/domin",
            "keywords": [
                "admin",
                "administration",
                "cms",
                "ddd",
                "domain model"
            ],
            "time": "2015-07-23 18:01:00"
        },
        {
            "name": "watoki/collections",
            "version": "v1.0",
            "source": {
                "type": "git",
                "url": "https://github.com/watoki/collections.git",
                "reference": "967643e9943e69e0efa561cb036517b223942441"
            },
            "dist": {
                "type": "zip",
                "url": "https://api.github.com/repos/watoki/collections/zipball/967643e9943e69e0efa561cb036517b223942441",
                "reference": "967643e9943e69e0efa561cb036517b223942441",
                "shasum": ""
            },
            "require": {
                "php": ">=5.3.2",
                "watoki/smokey": "*"
            },
            "type": "library",
            "autoload": {
                "psr-0": {
                    "spec\\watoki\\collections": "",
                    "watoki\\collections": "src/"
                }
            },
            "notification-url": "https://packagist.org/downloads/",
            "license": [
                "MIT"
            ],
            "authors": [
                {
                    "name": "Nikolas Martens",
                    "email": "Nikolas.M@rtens.org",
                    "homepage": "http://rtens.org"
                }
            ],
            "description": "Array wrapper for more structured collections for PHP",
            "homepage": "http://github.com/watoki/collections",
            "keywords": [
                "collection",
                "data structure",
                "watoki"
            ],
            "time": "2014-11-05 07:11:22"
        },
        {
            "name": "watoki/curir",
            "version": "dev-master",
            "source": {
                "type": "git",
                "url": "https://github.com/watoki/curir.git",
                "reference": "11acb824276e909bba2212d1117f9930438a2c81"
            },
            "dist": {
                "type": "zip",
                "url": "https://api.github.com/repos/watoki/curir/zipball/11acb824276e909bba2212d1117f9930438a2c81",
                "reference": "11acb824276e909bba2212d1117f9930438a2c81",
                "shasum": ""
            },
            "require": {
                "php": ">=5.4",
                "watoki/collections": "1.0",
                "watoki/deli": "dev-master",
                "watoki/factory": "dev-master",
                "watoki/stores": "dev-master"
            },
            "require-dev": {
                "watoki/scrut": "0.3"
            },
            "type": "library",
            "autoload": {
                "psr-0": {
                    "watoki\\curir": "src/",
                    "spec\\watoki\\curir": ""
                }
            },
            "notification-url": "https://packagist.org/downloads/",
            "license": [
                "MIT"
            ],
            "authors": [
                {
                    "name": "Nikolas Martens",
                    "email": "Nikolas.M@rtens.org",
                    "homepage": "http://rtens.org"
                }
            ],
            "description": "Web delivery system for PHP applications",
            "homepage": "http://github.com/watoki/curir",
            "keywords": [
                "mvc",
                "router",
                "routing",
                "watoki"
            ],
            "time": "2015-07-15 10:41:58"
        },
        {
            "name": "watoki/deli",
            "version": "dev-master",
            "source": {
                "type": "git",
                "url": "https://github.com/watoki/deli.git",
                "reference": "f25b1cf481a68940327d8b9fe13a1bfee8e52442"
            },
            "dist": {
                "type": "zip",
                "url": "https://api.github.com/repos/watoki/deli/zipball/f25b1cf481a68940327d8b9fe13a1bfee8e52442",
                "reference": "f25b1cf481a68940327d8b9fe13a1bfee8e52442",
                "shasum": ""
            },
            "require": {
                "php": ">=5.4",
                "watoki/collections": "1.0",
                "watoki/factory": "dev-master",
                "watoki/reflect": "dev-master",
                "watoki/stores": "dev-master"
            },
            "require-dev": {
                "watoki/scrut": "dev-master"
            },
            "type": "library",
            "autoload": {
                "psr-0": {
                    "watoki\\deli": "src/",
                    "spec\\watoki\\deli": ""
                }
            },
            "notification-url": "https://packagist.org/downloads/",
            "license": [
                "MIT"
            ],
            "authors": [
                {
                    "name": "Nikolas Martens",
                    "email": "Nikolas.M@rtens.org",
                    "homepage": "http://rtens.org"
                }
            ],
            "description": "Abstract delivery system for PHP applications",
            "homepage": "http://github.com/watoki/deli",
            "keywords": [
                "delivery",
                "router",
                "routing",
                "watoki"
            ],
            "time": "2015-07-15 10:45:29"
        },
        {
            "name": "watoki/factory",
            "version": "dev-master",
            "source": {
                "type": "git",
                "url": "https://github.com/watoki/factory.git",
                "reference": "a34c667fd7b78d951b4572fcdf887e2ec057509d"
            },
            "dist": {
                "type": "zip",
                "url": "https://api.github.com/repos/watoki/factory/zipball/a34c667fd7b78d951b4572fcdf887e2ec057509d",
                "reference": "a34c667fd7b78d951b4572fcdf887e2ec057509d",
                "shasum": ""
            },
            "require": {
                "php": ">=5.3.8",
                "watoki/reflect": "dev-master"
            },
            "require-dev": {
                "watoki/scrut": "0.3"
            },
            "type": "library",
            "autoload": {
                "psr-0": {
                    "watoki\\factory": "src/",
                    "spec\\watoki\\factory": ""
                }
            },
            "notification-url": "https://packagist.org/downloads/",
            "license": [
                "MIT"
            ],
            "authors": [
                {
                    "name": "Nikolas Martens",
                    "email": "Nikolas.M@rtens.org",
                    "homepage": "http://rtens.org"
                }
            ],
            "description": "A simple dependency injection container for PHP",
            "homepage": "http://github.com/watoki/factory",
            "keywords": [
                "dependency injection",
                "watoki"
            ],
            "time": "2015-07-15 09:56:35"
        },
        {
            "name": "watoki/reflect",
            "version": "dev-master",
            "source": {
                "type": "git",
                "url": "https://github.com/watoki/reflect.git",
                "reference": "0e01d1f0fa8fdf3302cd280e71f4cee59751f15b"
            },
            "dist": {
                "type": "zip",
                "url": "https://api.github.com/repos/watoki/reflect/zipball/0e01d1f0fa8fdf3302cd280e71f4cee59751f15b",
                "reference": "0e01d1f0fa8fdf3302cd280e71f4cee59751f15b",
                "shasum": ""
            },
            "require": {
                "nikic/php-parser": "1.*",
                "php": ">=5.3.8",
                "watoki/collections": "*"
            },
            "require-dev": {
                "watoki/scrut": "*"
            },
            "type": "library",
            "autoload": {
                "psr-0": {
                    "watoki\\reflect": "src/",
                    "spec\\watoki\\reflect": ""
                }
            },
            "notification-url": "https://packagist.org/downloads/",
            "license": [
                "MIT"
            ],
            "authors": [
                {
                    "name": "Nikolas Martens",
                    "email": "Nikolas.M@rtens.org",
                    "homepage": "http://rtens.org"
                }
            ],
            "description": "Enhanced reflection capabilities for PHP",
            "homepage": "http://github.com/watoki/reflect",
            "keywords": [
                "reflection",
                "type hints",
                "watoki"
            ],
            "time": "2015-07-22 13:11:42"
        },
        {
            "name": "watoki/smokey",
            "version": "dev-master",
            "source": {
                "type": "git",
                "url": "https://github.com/watoki/smokey.git",
                "reference": "dc577b0b043b70b596fe3e4fd2d32591408be417"
            },
            "dist": {
                "type": "zip",
                "url": "https://api.github.com/repos/watoki/smokey/zipball/dc577b0b043b70b596fe3e4fd2d32591408be417",
                "reference": "dc577b0b043b70b596fe3e4fd2d32591408be417",
                "shasum": ""
            },
            "require": {
                "php": ">=5.3.2"
            },
            "type": "library",
            "autoload": {
                "psr-0": {
                    "spec\\watoki\\smokey": "",
                    "watoki\\smokey": "src/"
                }
            },
            "notification-url": "https://packagist.org/downloads/",
            "license": [
                "MIT"
            ],
            "authors": [
                {
                    "name": "Nikolas Martens",
                    "email": "Nikolas.M@rtens.org",
                    "homepage": "http://rtens.org"
                }
            ],
            "description": "Simple runtime event dispatcher for PHP",
            "homepage": "http://github.com/watoki/smokey",
            "keywords": [
                "event",
                "event dispatcher",
                "watoki"
            ],
            "time": "2014-10-28 15:29:21"
        },
        {
            "name": "watoki/stores",
            "version": "dev-master",
            "source": {
                "type": "git",
                "url": "https://github.com/watoki/stores.git",
                "reference": "42ec22d9dfa681750080113de7c8bc213b2ed27e"
            },
            "dist": {
                "type": "zip",
                "url": "https://api.github.com/repos/watoki/stores/zipball/42ec22d9dfa681750080113de7c8bc213b2ed27e",
                "reference": "42ec22d9dfa681750080113de7c8bc213b2ed27e",
                "shasum": ""
            },
            "require": {
                "php": ">=5.4",
                "watoki/collections": "1.0",
                "watoki/reflect": "dev-master"
            },
            "require-dev": {
                "watoki/scrut": "0.3"
            },
            "type": "library",
            "autoload": {
                "psr-0": {
                    "watoki\\stores": "src/",
                    "spec\\watoki\\stores": ""
                }
            },
            "notification-url": "https://packagist.org/downloads/",
            "license": [
                "MIT"
            ],
            "authors": [
                {
                    "name": "Nikolas Martens",
                    "email": "Nikolas.M@rtens.org",
                    "homepage": "http://rtens.org"
                }
            ],
            "description": "PHP library for simple PDO based data storage.",
            "homepage": "http://github.com/watoki/stores",
            "keywords": [
                "database",
                "pdo",
                "repository",
                "storage",
                "watoki"
            ],
            "time": "2015-07-15 09:06:50"
        }
    ],
    "packages-dev": [],
    "aliases": [],
    "minimum-stability": "dev",
    "stability-flags": {
        "rtens/domin": 20
    },
    "prefer-stable": false,
    "prefer-lowest": false,
    "platform": [],
    "platform-dev": []
}
